
Microsoft Visual Studio Solution File, Format Version 12.00
# Visual Studio Version 17
VisualStudioVersion = 17.7.34031.279
MinimumVisualStudioVersion = 10.0.40219.1
Project("{FAE04EC0-301F-11D3-BF4B-00C04F79EFBC}") = "ConsoleApp1", "ConsoleApp1\ConsoleApp1.csproj", "{604B3E0B-9CF0-424E-9608-F51213A1A102}"
EndProject
Global
	GlobalSection(SolutionConfigurationPlatforms) = preSolution
		Debug|Any CPU = Debug|Any CPU
		Release|Any CPU = Release|Any CPU
	EndGlobalSection
	GlobalSection(ProjectConfigurationPlatforms) = postSolution
		{604B3E0B-9CF0-424E-9608-F51213A1A102}.Debug|Any CPU.ActiveCfg = Debug|Any CPU
		{604B3E0B-9CF0-424E-9608-F51213A1A102}.Debug|Any CPU.Build.0 = Debug|Any CPU
		{604B3E0B-9CF0-424E-9608-F51213A1A102}.Release|Any CPU.ActiveCfg = Release|Any CPU
		{604B3E0B-9CF0-424E-9608-F51213A1A102}.Release|Any CPU.Build.0 = Release|Any CPU
	EndGlobalSection
	GlobalSection(SolutionProperties) = preSolution
		HideSolutionNode = FALSE
	EndGlobalSection
	GlobalSection(ExtensibilityGlobals) = postSolution
		SolutionGuid = {09048FC5-69B6-4DB6-93FC-22F6C4260AC3}
	EndGlobalSection
EndGlobal
